
Microsoft Visual Studio Solution File, Format Version 12.00
# Visual Studio Version 17
VisualStudioVersion = 17.14.36518.9
MinimumVisualStudioVersion = 10.0.40219.1
Project("{FAE04EC0-301F-11D3-BF4B-00C04F79EFBC}") = "ConsoleApp1", "ConsoleApp1\ConsoleApp1.csproj", "{389BEF4D-D2A4-4675-A5C7-C73EC057BF3A}"
EndProject
Project("{FAE04EC0-301F-11D3-BF4B-00C04F79EFBC}") = "ConsoleApp2", "ConsoleApp2\ConsoleApp2.csproj", "{F9E488E3-D410-40E7-BB86-48ED9326271D}"
EndProject
Project("{FAE04EC0-301F-11D3-BF4B-00C04F79EFBC}") = "Text-RPG", "Text-RPG\Text-RPG.csproj", "{AA42B075-BFAB-472C-AA99-7C2A67268EA7}"
EndProject
Project("{FAE04EC0-301F-11D3-BF4B-00C04F79EFBC}") = "3-5 SnakeGame", "3-5 SnakeGame\3-5 SnakeGame.csproj", "{2F1ADF4B-1B97-4CD7-BA32-3FACAE543F46}"
EndProject
Project("{FAE04EC0-301F-11D3-BF4B-00C04F79EFBC}") = "3-5 BlackJackGame", "3-5 BlackJackGame\3-5 BlackJackGame.csproj", "{42A269BC-154F-4725-A50A-FC0142A13915}"
EndProject
Project("{FAE04EC0-301F-11D3-BF4B-00C04F79EFBC}") = "Pratice", "Pratice\Pratice.csproj", "{36459D9C-9C26-416C-B28C-9346F7DD7675}"
EndProject
Project("{FAE04EC0-301F-11D3-BF4B-00C04F79EFBC}") = "Solution_01_Largest_Rectangle_in_Histogram", "Solution_01_Largest_Rectangle_in_Histogram\Solution_01_Largest_Rectangle_in_Histogram.csproj", "{ADFE530D-5746-49ED-83E9-D7D3EEEB3605}"
EndProject
Project("{FAE04EC0-301F-11D3-BF4B-00C04F79EFBC}") = "Solution_02_FloodFill", "Solution_02_FoodFill\Solution_02_FloodFill.csproj", "{B042BA55-F024-4BC8-A606-B1C336688DB9}"
EndProject
Project("{FAE04EC0-301F-11D3-BF4B-00C04F79EFBC}") = "Solution_03_Longest_Increasing_Subsequence", "Solution_03_Longest_Increasing_Subsequence\Solution_03_Longest_Increasing_Subsequence.csproj", "{6888B831-FAF9-490C-B992-0819FD5FC742}"
EndProject
Project("{FAE04EC0-301F-11D3-BF4B-00C04F79EFBC}") = "Test1", "Test1\Test1.csproj", "{BDB03E80-BFF7-4BCB-8AB1-287ADFB24F5C}"
EndProject
Project("{FAE04EC0-301F-11D3-BF4B-00C04F79EFBC}") = "Test2", "Test2\Test2.csproj", "{DCB05D2C-FC9A-4DCC-98D6-C3D5E8671486}"
EndProject
Project("{FAE04EC0-301F-11D3-BF4B-00C04F79EFBC}") = "Test3", "Test3\Test3.csproj", "{19D7BC5B-C3F1-4AA1-9037-2747F7737440}"
EndProject
Project("{FAE04EC0-301F-11D3-BF4B-00C04F79EFBC}") = "Test4", "Test4\Test4.csproj", "{B82FCA79-EB5E-407F-9A17-317627D7D5E8}"
EndProject
Project("{FAE04EC0-301F-11D3-BF4B-00C04F79EFBC}") = "Test5", "Test5\Test5.csproj", "{3E1DB8FA-1F59-4A0A-8AE3-6F75F46A0F42}"
EndProject
Project("{FAE04EC0-301F-11D3-BF4B-00C04F79EFBC}") = "Test6", "Test6\Test6.csproj", "{D8F1509C-99C6-49FC-BB80-C3DAB986B6BF}"
EndProject
Project("{FAE04EC0-301F-11D3-BF4B-00C04F79EFBC}") = "Test7", "Test7\Test7.csproj", "{5A305387-9A0F-4086-A073-7D6C017F7EA0}"
EndProject
Project("{FAE04EC0-301F-11D3-BF4B-00C04F79EFBC}") = "Test8", "Test8\Test8.csproj", "{12B8305F-AB4C-4CA4-8ED6-3A13C8D1E1F3}"
EndProject
Project("{FAE04EC0-301F-11D3-BF4B-00C04F79EFBC}") = "Test9", "Test9\Test9.csproj", "{55DC2F42-C35D-48D9-A0FE-20D28EFF22E4}"
EndProject
Project("{FAE04EC0-301F-11D3-BF4B-00C04F79EFBC}") = "Test10", "Test10\Test10.csproj", "{FB6C48E0-FE3A-44D1-989F-388915B47EA6}"
EndProject
Global
	GlobalSection(SolutionConfigurationPlatforms) = preSolution
		Debug|Any CPU = Debug|Any CPU
		Debug|x64 = Debug|x64
		Debug|x86 = Debug|x86
		Release|Any CPU = Release|Any CPU
		Release|x64 = Release|x64
		Release|x86 = Release|x86
	EndGlobalSection
	GlobalSection(ProjectConfigurationPlatforms) = postSolution
		{389BEF4D-D2A4-4675-A5C7-C73EC057BF3A}.Debug|Any CPU.ActiveCfg = Debug|Any CPU
		{389BEF4D-D2A4-4675-A5C7-C73EC057BF3A}.Debug|Any CPU.Build.0 = Debug|Any CPU
		{389BEF4D-D2A4-4675-A5C7-C73EC057BF3A}.Debug|x64.ActiveCfg = Debug|Any CPU
		{389BEF4D-D2A4-4675-A5C7-C73EC057BF3A}.Debug|x64.Build.0 = Debug|Any CPU
		{389BEF4D-D2A4-4675-A5C7-C73EC057BF3A}.Debug|x86.ActiveCfg = Debug|Any CPU
		{389BEF4D-D2A4-4675-A5C7-C73EC057BF3A}.Debug|x86.Build.0 = Debug|Any CPU
		{389BEF4D-D2A4-4675-A5C7-C73EC057BF3A}.Release|Any CPU.ActiveCfg = Release|Any CPU
		{389BEF4D-D2A4-4675-A5C7-C73EC057BF3A}.Release|Any CPU.Build.0 = Release|Any CPU
		{389BEF4D-D2A4-4675-A5C7-C73EC057BF3A}.Release|x64.ActiveCfg = Release|Any CPU
		{389BEF4D-D2A4-4675-A5C7-C73EC057BF3A}.Release|x64.Build.0 = Release|Any CPU
		{389BEF4D-D2A4-4675-A5C7-C73EC057BF3A}.Release|x86.ActiveCfg = Release|Any CPU
		{389BEF4D-D2A4-4675-A5C7-C73EC057BF3A}.Release|x86.Build.0 = Release|Any CPU
		{F9E488E3-D410-40E7-BB86-48ED9326271D}.Debug|Any CPU.ActiveCfg = Debug|Any CPU
		{F9E488E3-D410-40E7-BB86-48ED9326271D}.Debug|Any CPU.Build.0 = Debug|Any CPU
		{F9E488E3-D410-40E7-BB86-48ED9326271D}.Debug|x64.ActiveCfg = Debug|Any CPU
		{F9E488E3-D410-40E7-BB86-48ED9326271D}.Debug|x64.Build.0 = Debug|Any CPU
		{F9E488E3-D410-40E7-BB86-48ED9326271D}.Debug|x86.ActiveCfg = Debug|Any CPU
		{F9E488E3-D410-40E7-BB86-48ED9326271D}.Debug|x86.Build.0 = Debug|Any CPU
		{F9E488E3-D410-40E7-BB86-48ED9326271D}.Release|Any CPU.ActiveCfg = Release|Any CPU
		{F9E488E3-D410-40E7-BB86-48ED9326271D}.Release|Any CPU.Build.0 = Release|Any CPU
		{F9E488E3-D410-40E7-BB86-48ED9326271D}.Release|x64.ActiveCfg = Release|Any CPU
		{F9E488E3-D410-40E7-BB86-48ED9326271D}.Release|x64.Build.0 = Release|Any CPU
		{F9E488E3-D410-40E7-BB86-48ED9326271D}.Release|x86.ActiveCfg = Release|Any CPU
		{F9E488E3-D410-40E7-BB86-48ED9326271D}.Release|x86.Build.0 = Release|Any CPU
		{AA42B075-BFAB-472C-AA99-7C2A67268EA7}.Debug|Any CPU.ActiveCfg = Debug|Any CPU
		{AA42B075-BFAB-472C-AA99-7C2A67268EA7}.Debug|Any CPU.Build.0 = Debug|Any CPU
		{AA42B075-BFAB-472C-AA99-7C2A67268EA7}.Debug|x64.ActiveCfg = Debug|Any CPU
		{AA42B075-BFAB-472C-AA99-7C2A67268EA7}.Debug|x64.Build.0 = Debug|Any CPU
		{AA42B075-BFAB-472C-AA99-7C2A67268EA7}.Debug|x86.ActiveCfg = Debug|Any CPU
		{AA42B075-BFAB-472C-AA99-7C2A67268EA7}.Debug|x86.Build.0 = Debug|Any CPU
		{AA42B075-BFAB-472C-AA99-7C2A67268EA7}.Release|Any CPU.ActiveCfg = Release|Any CPU
		{AA42B075-BFAB-472C-AA99-7C2A67268EA7}.Release|Any CPU.Build.0 = Release|Any CPU
		{AA42B075-BFAB-472C-AA99-7C2A67268EA7}.Release|x64.ActiveCfg = Release|Any CPU
		{AA42B075-BFAB-472C-AA99-7C2A67268EA7}.Release|x64.Build.0 = Release|Any CPU
		{AA42B075-BFAB-472C-AA99-7C2A67268EA7}.Release|x86.ActiveCfg = Release|Any CPU
		{AA42B075-BFAB-472C-AA99-7C2A67268EA7}.Release|x86.Build.0 = Release|Any CPU
		{2F1ADF4B-1B97-4CD7-BA32-3FACAE543F46}.Debug|Any CPU.ActiveCfg = Debug|Any CPU
		{2F1ADF4B-1B97-4CD7-BA32-3FACAE543F46}.Debug|Any CPU.Build.0 = Debug|Any CPU
		{2F1ADF4B-1B97-4CD7-BA32-3FACAE543F46}.Debug|x64.ActiveCfg = Debug|Any CPU
		{2F1ADF4B-1B97-4CD7-BA32-3FACAE543F46}.Debug|x64.Build.0 = Debug|Any CPU
		{2F1ADF4B-1B97-4CD7-BA32-3FACAE543F46}.Debug|x86.ActiveCfg = Debug|Any CPU
		{2F1ADF4B-1B97-4CD7-BA32-3FACAE543F46}.Debug|x86.Build.0 = Debug|Any CPU
		{2F1ADF4B-1B97-4CD7-BA32-3FACAE543F46}.Release|Any CPU.ActiveCfg = Release|Any CPU
		{2F1ADF4B-1B97-4CD7-BA32-3FACAE543F46}.Release|Any CPU.Build.0 = Release|Any CPU
		{2F1ADF4B-1B97-4CD7-BA32-3FACAE543F46}.Release|x64.ActiveCfg = Release|Any CPU
		{2F1ADF4B-1B97-4CD7-BA32-3FACAE543F46}.Release|x64.Build.0 = Release|Any CPU
		{2F1ADF4B-1B97-4CD7-BA32-3FACAE543F46}.Release|x86.ActiveCfg = Release|Any CPU
		{2F1ADF4B-1B97-4CD7-BA32-3FACAE543F46}.Release|x86.Build.0 = Release|Any CPU
		{42A269BC-154F-4725-A50A-FC0142A13915}.Debug|Any CPU.ActiveCfg = Debug|Any CPU
		{42A269BC-154F-4725-A50A-FC0142A13915}.Debug|Any CPU.Build.0 = Debug|Any CPU
		{42A269BC-154F-4725-A50A-FC0142A13915}.Debug|x64.ActiveCfg = Debug|Any CPU
		{42A269BC-154F-4725-A50A-FC0142A13915}.Debug|x64.Build.0 = Debug|Any CPU
		{42A269BC-154F-4725-A50A-FC0142A13915}.Debug|x86.ActiveCfg = Debug|Any CPU
		{42A269BC-154F-4725-A50A-FC0142A13915}.Debug|x86.Build.0 = Debug|Any CPU
		{42A269BC-154F-4725-A50A-FC0142A13915}.Release|Any CPU.ActiveCfg = Release|Any CPU
		{42A269BC-154F-4725-A50A-FC0142A13915}.Release|Any CPU.Build.0 = Release|Any CPU
		{42A269BC-154F-4725-A50A-FC0142A13915}.Release|x64.ActiveCfg = Release|Any CPU
		{42A269BC-154F-4725-A50A-FC0142A13915}.Release|x64.Build.0 = Release|Any CPU
		{42A269BC-154F-4725-A50A-FC0142A13915}.Release|x86.ActiveCfg = Release|Any CPU
		{42A269BC-154F-4725-A50A-FC0142A13915}.Release|x86.Build.0 = Release|Any CPU
		{36459D9C-9C26-416C-B28C-9346F7DD7675}.Debug|Any CPU.ActiveCfg = Debug|Any CPU
		{36459D9C-9C26-416C-B28C-9346F7DD7675}.Debug|Any CPU.Build.0 = Debug|Any CPU
		{36459D9C-9C26-416C-B28C-9346F7DD7675}.Debug|x64.ActiveCfg = Debug|Any CPU
		{36459D9C-9C26-416C-B28C-9346F7DD7675}.Debug|x64.Build.0 = Debug|Any CPU
		{36459D9C-9C26-416C-B28C-9346F7DD7675}.Debug|x86.ActiveCfg = Debug|Any CPU
		{36459D9C-9C26-416C-B28C-9346F7DD7675}.Debug|x86.Build.0 = Debug|Any CPU
		{36459D9C-9C26-416C-B28C-9346F7DD7675}.Release|Any CPU.ActiveCfg = Release|Any CPU
		{36459D9C-9C26-416C-B28C-9346F7DD7675}.Release|Any CPU.Build.0 = Release|Any CPU
		{36459D9C-9C26-416C-B28C-9346F7DD7675}.Release|x64.ActiveCfg = Release|Any CPU
		{36459D9C-9C26-416C-B28C-9346F7DD7675}.Release|x64.Build.0 = Release|Any CPU
		{36459D9C-9C26-416C-B28C-9346F7DD7675}.Release|x86.ActiveCfg = Release|Any CPU
		{36459D9C-9C26-416C-B28C-9346F7DD7675}.Release|x86.Build.0 = Release|Any CPU
		{ADFE530D-5746-49ED-83E9-D7D3EEEB3605}.Debug|Any CPU.ActiveCfg = Debug|Any CPU
		{ADFE530D-5746-49ED-83E9-D7D3EEEB3605}.Debug|Any CPU.Build.0 = Debug|Any CPU
		{ADFE530D-5746-49ED-83E9-D7D3EEEB3605}.Debug|x64.ActiveCfg = Debug|Any CPU
		{ADFE530D-5746-49ED-83E9-D7D3EEEB3605}.Debug|x64.Build.0 = Debug|Any CPU
		{ADFE530D-5746-49ED-83E9-D7D3EEEB3605}.Debug|x86.ActiveCfg = Debug|Any CPU
		{ADFE530D-5746-49ED-83E9-D7D3EEEB3605}.Debug|x86.Build.0 = Debug|Any CPU
		{ADFE530D-5746-49ED-83E9-D7D3EEEB3605}.Release|Any CPU.ActiveCfg = Release|Any CPU
		{ADFE530D-5746-49ED-83E9-D7D3EEEB3605}.Release|Any CPU.Build.0 = Release|Any CPU
		{ADFE530D-5746-49ED-83E9-D7D3EEEB3605}.Release|x64.ActiveCfg = Release|Any CPU
		{ADFE530D-5746-49ED-83E9-D7D3EEEB3605}.Release|x64.Build.0 = Release|Any CPU
		{ADFE530D-5746-49ED-83E9-D7D3EEEB3605}.Release|x86.ActiveCfg = Release|Any CPU
		{ADFE530D-5746-49ED-83E9-D7D3EEEB3605}.Release|x86.Build.0 = Release|Any CPU
		{B042BA55-F024-4BC8-A606-B1C336688DB9}.Debug|Any CPU.ActiveCfg = Debug|Any CPU
		{B042BA55-F024-4BC8-A606-B1C336688DB9}.Debug|Any CPU.Build.0 = Debug|Any CPU
		{B042BA55-F024-4BC8-A606-B1C336688DB9}.Debug|x64.ActiveCfg = Debug|Any CPU
		{B042BA55-F024-4BC8-A606-B1C336688DB9}.Debug|x64.Build.0 = Debug|Any CPU
		{B042BA55-F024-4BC8-A606-B1C336688DB9}.Debug|x86.ActiveCfg = Debug|Any CPU
		{B042BA55-F024-4BC8-A606-B1C336688DB9}.Debug|x86.Build.0 = Debug|Any CPU
		{B042BA55-F024-4BC8-A606-B1C336688DB9}.Release|Any CPU.ActiveCfg = Release|Any CPU
		{B042BA55-F024-4BC8-A606-B1C336688DB9}.Release|Any CPU.Build.0 = Release|Any CPU
		{B042BA55-F024-4BC8-A606-B1C336688DB9}.Release|x64.ActiveCfg = Release|Any CPU
		{B042BA55-F024-4BC8-A606-B1C336688DB9}.Release|x64.Build.0 = Release|Any CPU
		{B042BA55-F024-4BC8-A606-B1C336688DB9}.Release|x86.ActiveCfg = Release|Any CPU
		{B042BA55-F024-4BC8-A606-B1C336688DB9}.Release|x86.Build.0 = Release|Any CPU
		{6888B831-FAF9-490C-B992-0819FD5FC742}.Debug|Any CPU.ActiveCfg = Debug|Any CPU
		{6888B831-FAF9-490C-B992-0819FD5FC742}.Debug|Any CPU.Build.0 = Debug|Any CPU
		{6888B831-FAF9-490C-B992-0819FD5FC742}.Debug|x64.ActiveCfg = Debug|Any CPU
		{6888B831-FAF9-490C-B992-0819FD5FC742}.Debug|x64.Build.0 = Debug|Any CPU
		{6888B831-FAF9-490C-B992-0819FD5FC742}.Debug|x86.ActiveCfg = Debug|Any CPU
		{6888B831-FAF9-490C-B992-0819FD5FC742}.Debug|x86.Build.0 = Debug|Any CPU
		{6888B831-FAF9-490C-B992-0819FD5FC742}.Release|Any CPU.ActiveCfg = Release|Any CPU
		{6888B831-FAF9-490C-B992-0819FD5FC742}.Release|Any CPU.Build.0 = Release|Any CPU
		{6888B831-FAF9-490C-B992-0819FD5FC742}.Release|x64.ActiveCfg = Release|Any CPU
		{6888B831-FAF9-490C-B992-0819FD5FC742}.Release|x64.Build.0 = Release|Any CPU
		{6888B831-FAF9-490C-B992-0819FD5FC742}.Release|x86.ActiveCfg = Release|Any CPU
		{6888B831-FAF9-490C-B992-0819FD5FC742}.Release|x86.Build.0 = Release|Any CPU
		{BDB03E80-BFF7-4BCB-8AB1-287ADFB24F5C}.Debug|Any CPU.ActiveCfg = Debug|Any CPU
		{BDB03E80-BFF7-4BCB-8AB1-287ADFB24F5C}.Debug|Any CPU.Build.0 = Debug|Any CPU
		{BDB03E80-BFF7-4BCB-8AB1-287ADFB24F5C}.Debug|x64.ActiveCfg = Debug|Any CPU
		{BDB03E80-BFF7-4BCB-8AB1-287ADFB24F5C}.Debug|x64.Build.0 = Debug|Any CPU
		{BDB03E80-BFF7-4BCB-8AB1-287ADFB24F5C}.Debug|x86.ActiveCfg = Debug|Any CPU
		{BDB03E80-BFF7-4BCB-8AB1-287ADFB24F5C}.Debug|x86.Build.0 = Debug|Any CPU
		{BDB03E80-BFF7-4BCB-8AB1-287ADFB24F5C}.Release|Any CPU.ActiveCfg = Release|Any CPU
		{BDB03E80-BFF7-4BCB-8AB1-287ADFB24F5C}.Release|Any CPU.Build.0 = Release|Any CPU
		{BDB03E80-BFF7-4BCB-8AB1-287ADFB24F5C}.Release|x64.ActiveCfg = Release|Any CPU
		{BDB03E80-BFF7-4BCB-8AB1-287ADFB24F5C}.Release|x64.Build.0 = Release|Any CPU
		{BDB03E80-BFF7-4BCB-8AB1-287ADFB24F5C}.Release|x86.ActiveCfg = Release|Any CPU
		{BDB03E80-BFF7-4BCB-8AB1-287ADFB24F5C}.Release|x86.Build.0 = Release|Any CPU
		{DCB05D2C-FC9A-4DCC-98D6-C3D5E8671486}.Debug|Any CPU.ActiveCfg = Debug|Any CPU
		{DCB05D2C-FC9A-4DCC-98D6-C3D5E8671486}.Debug|Any CPU.Build.0 = Debug|Any CPU
		{DCB05D2C-FC9A-4DCC-98D6-C3D5E8671486}.Debug|x64.ActiveCfg = Debug|Any CPU
		{DCB05D2C-FC9A-4DCC-98D6-C3D5E8671486}.Debug|x64.Build.0 = Debug|Any CPU
		{DCB05D2C-FC9A-4DCC-98D6-C3D5E8671486}.Debug|x86.ActiveCfg = Debug|Any CPU
		{DCB05D2C-FC9A-4DCC-98D6-C3D5E8671486}.Debug|x86.Build.0 = Debug|Any CPU
		{DCB05D2C-FC9A-4DCC-98D6-C3D5E8671486}.Release|Any CPU.ActiveCfg = Release|Any CPU
		{DCB05D2C-FC9A-4DCC-98D6-C3D5E8671486}.Release|Any CPU.Build.0 = Release|Any CPU
		{DCB05D2C-FC9A-4DCC-98D6-C3D5E8671486}.Release|x64.ActiveCfg = Release|Any CPU
		{DCB05D2C-FC9A-4DCC-98D6-C3D5E8671486}.Release|x64.Build.0 = Release|Any CPU
		{DCB05D2C-FC9A-4DCC-98D6-C3D5E8671486}.Release|x86.ActiveCfg = Release|Any CPU
		{DCB05D2C-FC9A-4DCC-98D6-C3D5E8671486}.Release|x86.Build.0 = Release|Any CPU
		{19D7BC5B-C3F1-4AA1-9037-2747F7737440}.Debug|Any CPU.ActiveCfg = Debug|Any CPU
		{19D7BC5B-C3F1-4AA1-9037-2747F7737440}.Debug|Any CPU.Build.0 = Debug|Any CPU
		{19D7BC5B-C3F1-4AA1-9037-2747F7737440}.Debug|x64.ActiveCfg = Debug|Any CPU
		{19D7BC5B-C3F1-4AA1-9037-2747F7737440}.Debug|x64.Build.0 = Debug|Any CPU
		{19D7BC5B-C3F1-4AA1-9037-2747F7737440}.Debug|x86.ActiveCfg = Debug|Any CPU
		{19D7BC5B-C3F1-4AA1-9037-2747F7737440}.Debug|x86.Build.0 = Debug|Any CPU
		{19D7BC5B-C3F1-4AA1-9037-2747F7737440}.Release|Any CPU.ActiveCfg = Release|Any CPU
		{19D7BC5B-C3F1-4AA1-9037-2747F7737440}.Release|Any CPU.Build.0 = Release|Any CPU
		{19D7BC5B-C3F1-4AA1-9037-2747F7737440}.Release|x64.ActiveCfg = Release|Any CPU
		{19D7BC5B-C3F1-4AA1-9037-2747F7737440}.Release|x64.Build.0 = Release|Any CPU
		{19D7BC5B-C3F1-4AA1-9037-2747F7737440}.Release|x86.ActiveCfg = Release|Any CPU
		{19D7BC5B-C3F1-4AA1-9037-2747F7737440}.Release|x86.Build.0 = Release|Any CPU
		{B82FCA79-EB5E-407F-9A17-317627D7D5E8}.Debug|Any CPU.ActiveCfg = Debug|Any CPU
		{B82FCA79-EB5E-407F-9A17-317627D7D5E8}.Debug|Any CPU.Build.0 = Debug|Any CPU
		{B82FCA79-EB5E-407F-9A17-317627D7D5E8}.Debug|x64.ActiveCfg = Debug|Any CPU
		{B82FCA79-EB5E-407F-9A17-317627D7D5E8}.Debug|x64.Build.0 = Debug|Any CPU
		{B82FCA79-EB5E-407F-9A17-317627D7D5E8}.Debug|x86.ActiveCfg = Debug|Any CPU
		{B82FCA79-EB5E-407F-9A17-317627D7D5E8}.Debug|x86.Build.0 = Debug|Any CPU
		{B82FCA79-EB5E-407F-9A17-317627D7D5E8}.Release|Any CPU.ActiveCfg = Release|Any CPU
		{B82FCA79-EB5E-407F-9A17-317627D7D5E8}.Release|Any CPU.Build.0 = Release|Any CPU
		{B82FCA79-EB5E-407F-9A17-317627D7D5E8}.Release|x64.ActiveCfg = Release|Any CPU
		{B82FCA79-EB5E-407F-9A17-317627D7D5E8}.Release|x64.Build.0 = Release|Any CPU
		{B82FCA79-EB5E-407F-9A17-317627D7D5E8}.Release|x86.ActiveCfg = Release|Any CPU
		{B82FCA79-EB5E-407F-9A17-317627D7D5E8}.Release|x86.Build.0 = Release|Any CPU
		{3E1DB8FA-1F59-4A0A-8AE3-6F75F46A0F42}.Debug|Any CPU.ActiveCfg = Debug|Any CPU
		{3E1DB8FA-1F59-4A0A-8AE3-6F75F46A0F42}.Debug|Any CPU.Build.0 = Debug|Any CPU
		{3E1DB8FA-1F59-4A0A-8AE3-6F75F46A0F42}.Debug|x64.ActiveCfg = Debug|Any CPU
		{3E1DB8FA-1F59-4A0A-8AE3-6F75F46A0F42}.Debug|x64.Build.0 = Debug|Any CPU
		{3E1DB8FA-1F59-4A0A-8AE3-6F75F46A0F42}.Debug|x86.ActiveCfg = Debug|Any CPU
		{3E1DB8FA-1F59-4A0A-8AE3-6F75F46A0F42}.Debug|x86.Build.0 = Debug|Any CPU
		{3E1DB8FA-1F59-4A0A-8AE3-6F75F46A0F42}.Release|Any CPU.ActiveCfg = Release|Any CPU
		{3E1DB8FA-1F59-4A0A-8AE3-6F75F46A0F42}.Release|Any CPU.Build.0 = Release|Any CPU
		{3E1DB8FA-1F59-4A0A-8AE3-6F75F46A0F42}.Release|x64.ActiveCfg = Release|Any CPU
		{3E1DB8FA-1F59-4A0A-8AE3-6F75F46A0F42}.Release|x64.Build.0 = Release|Any CPU
		{3E1DB8FA-1F59-4A0A-8AE3-6F75F46A0F42}.Release|x86.ActiveCfg = Release|Any CPU
		{3E1DB8FA-1F59-4A0A-8AE3-6F75F46A0F42}.Release|x86.Build.0 = Release|Any CPU
		{D8F1509C-99C6-49FC-BB80-C3DAB986B6BF}.Debug|Any CPU.ActiveCfg = Debug|Any CPU
		{D8F1509C-99C6-49FC-BB80-C3DAB986B6BF}.Debug|Any CPU.Build.0 = Debug|Any CPU
		{D8F1509C-99C6-49FC-BB80-C3DAB986B6BF}.Debug|x64.ActiveCfg = Debug|Any CPU
		{D8F1509C-99C6-49FC-BB80-C3DAB986B6BF}.Debug|x64.Build.0 = Debug|Any CPU
		{D8F1509C-99C6-49FC-BB80-C3DAB986B6BF}.Debug|x86.ActiveCfg = Debug|Any CPU
		{D8F1509C-99C6-49FC-BB80-C3DAB986B6BF}.Debug|x86.Build.0 = Debug|Any CPU
		{D8F1509C-99C6-49FC-BB80-C3DAB986B6BF}.Release|Any CPU.ActiveCfg = Release|Any CPU
		{D8F1509C-99C6-49FC-BB80-C3DAB986B6BF}.Release|Any CPU.Build.0 = Release|Any CPU
		{D8F1509C-99C6-49FC-BB80-C3DAB986B6BF}.Release|x64.ActiveCfg = Release|Any CPU
		{D8F1509C-99C6-49FC-BB80-C3DAB986B6BF}.Release|x64.Build.0 = Release|Any CPU
		{D8F1509C-99C6-49FC-BB80-C3DAB986B6BF}.Release|x86.ActiveCfg = Release|Any CPU
		{D8F1509C-99C6-49FC-BB80-C3DAB986B6BF}.Release|x86.Build.0 = Release|Any CPU
		{5A305387-9A0F-4086-A073-7D6C017F7EA0}.Debug|Any CPU.ActiveCfg = Debug|Any CPU
		{5A305387-9A0F-4086-A073-7D6C017F7EA0}.Debug|Any CPU.Build.0 = Debug|Any CPU
		{5A305387-9A0F-4086-A073-7D6C017F7EA0}.Debug|x64.ActiveCfg = Debug|Any CPU
		{5A305387-9A0F-4086-A073-7D6C017F7EA0}.Debug|x64.Build.0 = Debug|Any CPU
		{5A305387-9A0F-4086-A073-7D6C017F7EA0}.Debug|x86.ActiveCfg = Debug|Any CPU
		{5A305387-9A0F-4086-A073-7D6C017F7EA0}.Debug|x86.Build.0 = Debug|Any CPU
		{5A305387-9A0F-4086-A073-7D6C017F7EA0}.Release|Any CPU.ActiveCfg = Release|Any CPU
		{5A305387-9A0F-4086-A073-7D6C017F7EA0}.Release|Any CPU.Build.0 = Release|Any CPU
		{5A305387-9A0F-4086-A073-7D6C017F7EA0}.Release|x64.ActiveCfg = Release|Any CPU
		{5A305387-9A0F-4086-A073-7D6C017F7EA0}.Release|x64.Build.0 = Release|Any CPU
		{5A305387-9A0F-4086-A073-7D6C017F7EA0}.Release|x86.ActiveCfg = Release|Any CPU
		{5A305387-9A0F-4086-A073-7D6C017F7EA0}.Release|x86.Build.0 = Release|Any CPU
		{12B8305F-AB4C-4CA4-8ED6-3A13C8D1E1F3}.Debug|Any CPU.ActiveCfg = Debug|Any CPU
		{12B8305F-AB4C-4CA4-8ED6-3A13C8D1E1F3}.Debug|Any CPU.Build.0 = Debug|Any CPU
		{12B8305F-AB4C-4CA4-8ED6-3A13C8D1E1F3}.Debug|x64.ActiveCfg = Debug|Any CPU
		{12B8305F-AB4C-4CA4-8ED6-3A13C8D1E1F3}.Debug|x64.Build.0 = Debug|Any CPU
		{12B8305F-AB4C-4CA4-8ED6-3A13C8D1E1F3}.Debug|x86.ActiveCfg = Debug|Any CPU
		{12B8305F-AB4C-4CA4-8ED6-3A13C8D1E1F3}.Debug|x86.Build.0 = Debug|Any CPU
		{12B8305F-AB4C-4CA4-8ED6-3A13C8D1E1F3}.Release|Any CPU.ActiveCfg = Release|Any CPU
		{12B8305F-AB4C-4CA4-8ED6-3A13C8D1E1F3}.Release|Any CPU.Build.0 = Release|Any CPU
		{12B8305F-AB4C-4CA4-8ED6-3A13C8D1E1F3}.Release|x64.ActiveCfg = Release|Any CPU
		{12B8305F-AB4C-4CA4-8ED6-3A13C8D1E1F3}.Release|x64.Build.0 = Release|Any CPU
		{12B8305F-AB4C-4CA4-8ED6-3A13C8D1E1F3}.Release|x86.ActiveCfg = Release|Any CPU
		{12B8305F-AB4C-4CA4-8ED6-3A13C8D1E1F3}.Release|x86.Build.0 = Release|Any CPU
		{55DC2F42-C35D-48D9-A0FE-20D28EFF22E4}.Debug|Any CPU.ActiveCfg = Debug|Any CPU
		{55DC2F42-C35D-48D9-A0FE-20D28EFF22E4}.Debug|Any CPU.Build.0 = Debug|Any CPU
		{55DC2F42-C35D-48D9-A0FE-20D28EFF22E4}.Debug|x64.ActiveCfg = Debug|Any CPU
		{55DC2F42-C35D-48D9-A0FE-20D28EFF22E4}.Debug|x64.Build.0 = Debug|Any CPU
		{55DC2F42-C35D-48D9-A0FE-20D28EFF22E4}.Debug|x86.ActiveCfg = Debug|Any CPU
		{55DC2F42-C35D-48D9-A0FE-20D28EFF22E4}.Debug|x86.Build.0 = Debug|Any CPU
		{55DC2F42-C35D-48D9-A0FE-20D28EFF22E4}.Release|Any CPU.ActiveCfg = Release|Any CPU
		{55DC2F42-C35D-48D9-A0FE-20D28EFF22E4}.Release|Any CPU.Build.0 = Release|Any CPU
		{55DC2F42-C35D-48D9-A0FE-20D28EFF22E4}.Release|x64.ActiveCfg = Release|Any CPU
		{55DC2F42-C35D-48D9-A0FE-20D28EFF22E4}.Release|x64.Build.0 = Release|Any CPU
		{55DC2F42-C35D-48D9-A0FE-20D28EFF22E4}.Release|x86.ActiveCfg = Release|Any CPU
		{55DC2F42-C35D-48D9-A0FE-20D28EFF22E4}.Release|x86.Build.0 = Release|Any CPU
		{FB6C48E0-FE3A-44D1-989F-388915B47EA6}.Debug|Any CPU.ActiveCfg = Debug|Any CPU
		{FB6C48E0-FE3A-44D1-989F-388915B47EA6}.Debug|Any CPU.Build.0 = Debug|Any CPU
		{FB6C48E0-FE3A-44D1-989F-388915B47EA6}.Debug|x64.ActiveCfg = Debug|Any CPU
		{FB6C48E0-FE3A-44D1-989F-388915B47EA6}.Debug|x64.Build.0 = Debug|Any CPU
		{FB6C48E0-FE3A-44D1-989F-388915B47EA6}.Debug|x86.ActiveCfg = Debug|Any CPU
		{FB6C48E0-FE3A-44D1-989F-388915B47EA6}.Debug|x86.Build.0 = Debug|Any CPU
		{FB6C48E0-FE3A-44D1-989F-388915B47EA6}.Release|Any CPU.ActiveCfg = Release|Any CPU
		{FB6C48E0-FE3A-44D1-989F-388915B47EA6}.Release|Any CPU.Build.0 = Release|Any CPU
		{FB6C48E0-FE3A-44D1-989F-388915B47EA6}.Release|x64.ActiveCfg = Release|Any CPU
		{FB6C48E0-FE3A-44D1-989F-388915B47EA6}.Release|x64.Build.0 = Release|Any CPU
		{FB6C48E0-FE3A-44D1-989F-388915B47EA6}.Release|x86.ActiveCfg = Release|Any CPU
		{FB6C48E0-FE3A-44D1-989F-388915B47EA6}.Release|x86.Build.0 = Release|Any CPU
	EndGlobalSection
	GlobalSection(SolutionProperties) = preSolution
		HideSolutionNode = FALSE
	EndGlobalSection
	GlobalSection(ExtensibilityGlobals) = postSolution
		SolutionGuid = {2281D266-816F-4119-A989-D541D31526CA}
	EndGlobalSection
EndGlobal
